
Microsoft Visual Studio Solution File, Format Version 12.00
# Visual Studio Version 17
VisualStudioVersion = 17.9.34616.47
MinimumVisualStudioVersion = 10.0.40219.1
Project("{9A19103F-16F7-4668-BE54-9A1E7A4F7556}") = "KPMG.ComplianceMonitor.Api", "src\KPMG.ComplianceMonitor.API\KPMG.ComplianceMonitor.Api.csproj", "{6E062DF9-488F-4D0A-86A2-1CEFD0C0B71C}"
	ProjectSection(ProjectDependencies) = postProject
		{0F49B67D-340C-47D6-80F5-9F6F62598733} = {0F49B67D-340C-47D6-80F5-9F6F62598733}
		{7734AAC8-8701-41FA-B8BB-2ABB00DE6394} = {7734AAC8-8701-41FA-B8BB-2ABB00DE6394}
		{AE2F8946-DCDF-4A24-920C-91132B7482CB} = {AE2F8946-DCDF-4A24-920C-91132B7482CB}
		{C4CCE412-CB93-41D5-983E-318EA40EDFEE} = {C4CCE412-CB93-41D5-983E-318EA40EDFEE}
	EndProjectSection
EndProject
Project("{9A19103F-16F7-4668-BE54-9A1E7A4F7556}") = "KPMG.ComplianceMonitor.Infra.Data", "src\KPMG.ComplianceMonitor.Data\KPMG.ComplianceMonitor.Infra.Data.csproj", "{A79AB70E-CEF9-436B-BF07-31CAA65BB35E}"
	ProjectSection(ProjectDependencies) = postProject
		{411EF119-85F1-4DD7-A3DB-8FD061A47289} = {411EF119-85F1-4DD7-A3DB-8FD061A47289}
		{AE2F8946-DCDF-4A24-920C-91132B7482CB} = {AE2F8946-DCDF-4A24-920C-91132B7482CB}
	EndProjectSection
EndProject
Project("{9A19103F-16F7-4668-BE54-9A1E7A4F7556}") = "KPMG.ComplianceMonitor.Infra.CrossCutting.Identity", "src\KPMG.ComplianceMonitor.Identity\KPMG.ComplianceMonitor.Infra.CrossCutting.Identity.csproj", "{AE2F8946-DCDF-4A24-920C-91132B7482CB}"
	ProjectSection(ProjectDependencies) = postProject
		{411EF119-85F1-4DD7-A3DB-8FD061A47289} = {411EF119-85F1-4DD7-A3DB-8FD061A47289}
	EndProjectSection
EndProject
Project("{9A19103F-16F7-4668-BE54-9A1E7A4F7556}") = "KPMG.ComplianceMonitor.Application", "src\KPMG.ComplianceMonitor.Application\KPMG.ComplianceMonitor.Application.csproj", "{7734AAC8-8701-41FA-B8BB-2ABB00DE6394}"
	ProjectSection(ProjectDependencies) = postProject
		{411EF119-85F1-4DD7-A3DB-8FD061A47289} = {411EF119-85F1-4DD7-A3DB-8FD061A47289}
		{A79AB70E-CEF9-436B-BF07-31CAA65BB35E} = {A79AB70E-CEF9-436B-BF07-31CAA65BB35E}
	EndProjectSection
EndProject
Project("{9A19103F-16F7-4668-BE54-9A1E7A4F7556}") = "KPMG.ComplianceMonitor.Infra.CrossCutting.IoC", "src\KPMG.ComplianceMonitor.Infra.CrossCutting.IoC\KPMG.ComplianceMonitor.Infra.CrossCutting.IoC.csproj", "{C4CCE412-CB93-41D5-983E-318EA40EDFEE}"
	ProjectSection(ProjectDependencies) = postProject
		{411EF119-85F1-4DD7-A3DB-8FD061A47289} = {411EF119-85F1-4DD7-A3DB-8FD061A47289}
		{7734AAC8-8701-41FA-B8BB-2ABB00DE6394} = {7734AAC8-8701-41FA-B8BB-2ABB00DE6394}
		{A79AB70E-CEF9-436B-BF07-31CAA65BB35E} = {A79AB70E-CEF9-436B-BF07-31CAA65BB35E}
	EndProjectSection
EndProject
Project("{9A19103F-16F7-4668-BE54-9A1E7A4F7556}") = "KPMG.ComplianceMonitor.Domain", "src\KPMG.ComplianceMonitor.Domain\KPMG.ComplianceMonitor.Domain.csproj", "{411EF119-85F1-4DD7-A3DB-8FD061A47289}"
	ProjectSection(ProjectDependencies) = postProject
		{0F49B67D-340C-47D6-80F5-9F6F62598733} = {0F49B67D-340C-47D6-80F5-9F6F62598733}
		{9F92237F-E38A-4422-93F0-69FDBB9158DD} = {9F92237F-E38A-4422-93F0-69FDBB9158DD}
	EndProjectSection
EndProject
Project("{9A19103F-16F7-4668-BE54-9A1E7A4F7556}") = "KPMG.ComplianceMonitor.Domain.Core", "src\KPMG.ComplianceMonitor.Domain.Core\KPMG.ComplianceMonitor.Domain.Core.csproj", "{9F92237F-E38A-4422-93F0-69FDBB9158DD}"
EndProject
Project("{9A19103F-16F7-4668-BE54-9A1E7A4F7556}") = "KPMG.ComplianceMonitor.Infra.CrossCutting.Bus", "src\KPMG.ComplianceMonitor.Infra.CrossCutting.Bus\KPMG.ComplianceMonitor.Infra.CrossCutting.Bus.csproj", "{0F49B67D-340C-47D6-80F5-9F6F62598733}"
	ProjectSection(ProjectDependencies) = postProject
		{9F92237F-E38A-4422-93F0-69FDBB9158DD} = {9F92237F-E38A-4422-93F0-69FDBB9158DD}
	EndProjectSection
EndProject
Project("{2150E333-8FDC-42A3-9474-1A3956D46DE8}") = "1 - WebApi", "1 - WebApi", "{1C78ACA5-758A-4881-B452-E46A5E657E9E}"
EndProject
Project("{2150E333-8FDC-42A3-9474-1A3956D46DE8}") = "2 - Application", "2 - Application", "{7613AD17-03F4-4DB5-8645-29C2D8FF60EE}"
EndProject
Project("{2150E333-8FDC-42A3-9474-1A3956D46DE8}") = "3 - Domain", "3 - Domain", "{3A89F376-1C84-4283-9399-1801CEFF4FF6}"
EndProject
Project("{2150E333-8FDC-42A3-9474-1A3956D46DE8}") = "4 - Infrastructure", "4 - Infrastructure", "{87E83CBE-BCFE-4932-AF34-AF23F402235D}"
EndProject
Project("{2150E333-8FDC-42A3-9474-1A3956D46DE8}") = "5 - Tests", "5 - Tests", "{5F6D26D2-D27C-4486-8C04-64B950D8514C}"
EndProject
Project("{2150E333-8FDC-42A3-9474-1A3956D46DE8}") = "4.1 - Data", "4.1 - Data", "{B8C1463F-A36E-4591-926F-5680782589E5}"
EndProject
Project("{2150E333-8FDC-42A3-9474-1A3956D46DE8}") = "5.2 - CrossCutting", "5.2 - CrossCutting", "{E6C99B83-E789-465A-BB63-D9980916AEFD}"
EndProject
Global
	GlobalSection(SolutionConfigurationPlatforms) = preSolution
		Debug|Any CPU = Debug|Any CPU
		Release|Any CPU = Release|Any CPU
	EndGlobalSection
	GlobalSection(ProjectConfigurationPlatforms) = postSolution
		{6E062DF9-488F-4D0A-86A2-1CEFD0C0B71C}.Debug|Any CPU.ActiveCfg = Debug|Any CPU
		{6E062DF9-488F-4D0A-86A2-1CEFD0C0B71C}.Debug|Any CPU.Build.0 = Debug|Any CPU
		{6E062DF9-488F-4D0A-86A2-1CEFD0C0B71C}.Release|Any CPU.ActiveCfg = Release|Any CPU
		{6E062DF9-488F-4D0A-86A2-1CEFD0C0B71C}.Release|Any CPU.Build.0 = Release|Any CPU
		{A79AB70E-CEF9-436B-BF07-31CAA65BB35E}.Debug|Any CPU.ActiveCfg = Debug|Any CPU
		{A79AB70E-CEF9-436B-BF07-31CAA65BB35E}.Debug|Any CPU.Build.0 = Debug|Any CPU
		{A79AB70E-CEF9-436B-BF07-31CAA65BB35E}.Release|Any CPU.ActiveCfg = Release|Any CPU
		{A79AB70E-CEF9-436B-BF07-31CAA65BB35E}.Release|Any CPU.Build.0 = Release|Any CPU
		{AE2F8946-DCDF-4A24-920C-91132B7482CB}.Debug|Any CPU.ActiveCfg = Debug|Any CPU
		{AE2F8946-DCDF-4A24-920C-91132B7482CB}.Debug|Any CPU.Build.0 = Debug|Any CPU
		{AE2F8946-DCDF-4A24-920C-91132B7482CB}.Release|Any CPU.ActiveCfg = Release|Any CPU
		{AE2F8946-DCDF-4A24-920C-91132B7482CB}.Release|Any CPU.Build.0 = Release|Any CPU
		{7734AAC8-8701-41FA-B8BB-2ABB00DE6394}.Debug|Any CPU.ActiveCfg = Debug|Any CPU
		{7734AAC8-8701-41FA-B8BB-2ABB00DE6394}.Debug|Any CPU.Build.0 = Debug|Any CPU
		{7734AAC8-8701-41FA-B8BB-2ABB00DE6394}.Release|Any CPU.ActiveCfg = Release|Any CPU
		{7734AAC8-8701-41FA-B8BB-2ABB00DE6394}.Release|Any CPU.Build.0 = Release|Any CPU
		{C4CCE412-CB93-41D5-983E-318EA40EDFEE}.Debug|Any CPU.ActiveCfg = Debug|Any CPU
		{C4CCE412-CB93-41D5-983E-318EA40EDFEE}.Debug|Any CPU.Build.0 = Debug|Any CPU
		{C4CCE412-CB93-41D5-983E-318EA40EDFEE}.Release|Any CPU.ActiveCfg = Release|Any CPU
		{C4CCE412-CB93-41D5-983E-318EA40EDFEE}.Release|Any CPU.Build.0 = Release|Any CPU
		{411EF119-85F1-4DD7-A3DB-8FD061A47289}.Debug|Any CPU.ActiveCfg = Debug|Any CPU
		{411EF119-85F1-4DD7-A3DB-8FD061A47289}.Debug|Any CPU.Build.0 = Debug|Any CPU
		{411EF119-85F1-4DD7-A3DB-8FD061A47289}.Release|Any CPU.ActiveCfg = Release|Any CPU
		{411EF119-85F1-4DD7-A3DB-8FD061A47289}.Release|Any CPU.Build.0 = Release|Any CPU
		{9F92237F-E38A-4422-93F0-69FDBB9158DD}.Debug|Any CPU.ActiveCfg = Debug|Any CPU
		{9F92237F-E38A-4422-93F0-69FDBB9158DD}.Debug|Any CPU.Build.0 = Debug|Any CPU
		{9F92237F-E38A-4422-93F0-69FDBB9158DD}.Release|Any CPU.ActiveCfg = Release|Any CPU
		{9F92237F-E38A-4422-93F0-69FDBB9158DD}.Release|Any CPU.Build.0 = Release|Any CPU
		{0F49B67D-340C-47D6-80F5-9F6F62598733}.Debug|Any CPU.ActiveCfg = Debug|Any CPU
		{0F49B67D-340C-47D6-80F5-9F6F62598733}.Debug|Any CPU.Build.0 = Debug|Any CPU
		{0F49B67D-340C-47D6-80F5-9F6F62598733}.Release|Any CPU.ActiveCfg = Release|Any CPU
		{0F49B67D-340C-47D6-80F5-9F6F62598733}.Release|Any CPU.Build.0 = Release|Any CPU
	EndGlobalSection
	GlobalSection(SolutionProperties) = preSolution
		HideSolutionNode = FALSE
	EndGlobalSection
	GlobalSection(NestedProjects) = preSolution
		{6E062DF9-488F-4D0A-86A2-1CEFD0C0B71C} = {1C78ACA5-758A-4881-B452-E46A5E657E9E}
		{A79AB70E-CEF9-436B-BF07-31CAA65BB35E} = {B8C1463F-A36E-4591-926F-5680782589E5}
		{AE2F8946-DCDF-4A24-920C-91132B7482CB} = {E6C99B83-E789-465A-BB63-D9980916AEFD}
		{7734AAC8-8701-41FA-B8BB-2ABB00DE6394} = {7613AD17-03F4-4DB5-8645-29C2D8FF60EE}
		{C4CCE412-CB93-41D5-983E-318EA40EDFEE} = {E6C99B83-E789-465A-BB63-D9980916AEFD}
		{411EF119-85F1-4DD7-A3DB-8FD061A47289} = {3A89F376-1C84-4283-9399-1801CEFF4FF6}
		{9F92237F-E38A-4422-93F0-69FDBB9158DD} = {3A89F376-1C84-4283-9399-1801CEFF4FF6}
		{0F49B67D-340C-47D6-80F5-9F6F62598733} = {E6C99B83-E789-465A-BB63-D9980916AEFD}
		{B8C1463F-A36E-4591-926F-5680782589E5} = {87E83CBE-BCFE-4932-AF34-AF23F402235D}
		{E6C99B83-E789-465A-BB63-D9980916AEFD} = {87E83CBE-BCFE-4932-AF34-AF23F402235D}
	EndGlobalSection
	GlobalSection(ExtensibilityGlobals) = postSolution
		SolutionGuid = {E64147E4-9AFC-4861-946C-F4642A0568FE}
	EndGlobalSection
EndGlobal
